
Microsoft Visual Studio Solution File, Format Version 12.00
# Visual Studio Version 17
VisualStudioVersion = 17.3.32804.467
MinimumVisualStudioVersion = 10.0.40219.1
Project("{FAE04EC0-301F-11D3-BF4B-00C04F79EFBC}") = "MernisCoffeeShopAutomation", "MernisCoffeeShopAutomation\MernisCoffeeShopAutomation.csproj", "{00ECAF99-7BA5-46D0-B940-DCB205B7B540}"
EndProject
Global
	GlobalSection(SolutionConfigurationPlatforms) = preSolution
		Debug|Any CPU = Debug|Any CPU
		Release|Any CPU = Release|Any CPU
	EndGlobalSection
	GlobalSection(ProjectConfigurationPlatforms) = postSolution
		{00ECAF99-7BA5-46D0-B940-DCB205B7B540}.Debug|Any CPU.ActiveCfg = Debug|Any CPU
		{00ECAF99-7BA5-46D0-B940-DCB205B7B540}.Debug|Any CPU.Build.0 = Debug|Any CPU
		{00ECAF99-7BA5-46D0-B940-DCB205B7B540}.Release|Any CPU.ActiveCfg = Release|Any CPU
		{00ECAF99-7BA5-46D0-B940-DCB205B7B540}.Release|Any CPU.Build.0 = Release|Any CPU
	EndGlobalSection
	GlobalSection(SolutionProperties) = preSolution
		HideSolutionNode = FALSE
	EndGlobalSection
	GlobalSection(ExtensibilityGlobals) = postSolution
		SolutionGuid = {3D47E7CF-CEA0-4DFB-890C-A873873B493C}
	EndGlobalSection
EndGlobal
